// !$*UTF8*$!
{
	archiveVersion = 1;
	classes = {
	};
	objectVersion = 46;
	objects = {

/* Begin PBXBuildFile section */
		25FF9E941A3F73D100183493 /* main.m in Sources */ = {isa = PBXBuildFile; fileRef = 25FF9E931A3F73D100183493 /* main.m */; };
		25FF9E971A3F73D100183493 /* AppDelegate.m in Sources */ = {isa = PBXBuildFile; fileRef = 25FF9E961A3F73D100183493 /* AppDelegate.m */; };
		25FF9E9A1A3F73D100183493 /* ViewController.m in Sources */ = {isa = PBXBuildFile; fileRef = 25FF9E991A3F73D100183493 /* ViewController.m */; };
		25FF9E9F1A3F73D100183493 /* Images.xcassets in Resources */ = {isa = PBXBuildFile; fileRef = 25FF9E9E1A3F73D100183493 /* Images.xcassets */; };
		25FF9EA21A3F73D100183493 /* LaunchScreen.xib in Resources */ = {isa = PBXBuildFile; fileRef = 25FF9EA01A3F73D100183493 /* LaunchScreen.xib */; };
		25FF9EAE1A3F73D100183493 /* ManualLayoutExampleTests.m in Sources */ = {isa = PBXBuildFile; fileRef = 25FF9EAD1A3F73D100183493 /* ManualLayoutExampleTests.m */; };
		25FF9EC11A3F741500183493 /* ManualLayout.framework in Frameworks */ = {isa = PBXBuildFile; fileRef = 25FF9EC01A3F741500183493 /* ManualLayout.framework */; };
/* End PBXBuildFile section */

/* Begin PBXContainerItemProxy section */
		25FF9EA81A3F73D100183493 /* PBXContainerItemProxy */ = {
			isa = PBXContainerItemProxy;
			containerPortal = 25FF9E861A3F73D100183493 /* Project object */;
			proxyType = 1;
			remoteGlobalIDString = 25FF9E8D1A3F73D100183493;
			remoteInfo = ManualLayoutExample;
		};
/* End PBXContainerItemProxy section */

/* Begin PBXFileReference section */
		25FF9E8E1A3F73D100183493 /* ManualLayoutExample.app */ = {isa = PBXFileReference; explicitFileType = wrapper.application; includeInIndex = 0; path = ManualLayoutExample.app; sourceTree = BUILT_PRODUCTS_DIR; };
		25FF9E921A3F73D100183493 /* Info.plist */ = {isa = PBXFileReference; lastKnownFileType = text.plist.xml; path = Info.plist; sourceTree = "<group>"; };
		25FF9E931A3F73D100183493 /* main.m */ = {isa = PBXFileReference; lastKnownFileType = sourcecode.c.objc; path = main.m; sourceTree = "<group>"; };
		25FF9E951A3F73D100183493 /* AppDelegate.h */ = {isa = PBXFileReference; lastKnownFileType = sourcecode.c.h; path = AppDelegate.h; sourceTree = "<group>"; };
		25FF9E961A3F73D100183493 /* AppDelegate.m */ = {isa = PBXFileReference; lastKnownFileType = sourcecode.c.objc; path = AppDelegate.m; sourceTree = "<group>"; };
		25FF9E981A3F73D100183493 /* ViewController.h */ = {isa = PBXFileReference; lastKnownFileType = sourcecode.c.h; path = ViewController.h; sourceTree = "<group>"; };
		25FF9E991A3F73D100183493 /* ViewController.m */ = {isa = PBXFileReference; indentWidth = 2; lastKnownFileType = sourcecode.c.objc; path = ViewController.m; sourceTree = "<group>"; tabWidth = 2; };
		25FF9E9E1A3F73D100183493 /* Images.xcassets */ = {isa = PBXFileReference; lastKnownFileType = folder.assetcatalog; path = Images.xcassets; sourceTree = "<group>"; };
		25FF9EA11A3F73D100183493 /* Base */ = {isa = PBXFileReference; lastKnownFileType = file.xib; name = Base; path = Base.lproj/LaunchScreen.xib; sourceTree = "<group>"; };
		25FF9EA71A3F73D100183493 /* ManualLayoutExampleTests.xctest */ = {isa = PBXFileReference; explicitFileType = wrapper.cfbundle; includeInIndex = 0; path = ManualLayoutExampleTests.xctest; sourceTree = BUILT_PRODUCTS_DIR; };
		25FF9EAC1A3F73D100183493 /* Info.plist */ = {isa = PBXFileReference; lastKnownFileType = text.plist.xml; path = Info.plist; sourceTree = "<group>"; };
		25FF9EAD1A3F73D100183493 /* ManualLayoutExampleTests.m */ = {isa = PBXFileReference; lastKnownFileType = sourcecode.c.objc; path = ManualLayoutExampleTests.m; sourceTree = "<group>"; };
		25FF9EC01A3F741500183493 /* ManualLayout.framework */ = {isa = PBXFileReference; lastKnownFileType = wrapper.framework; name = ManualLayout.framework; path = "../build/Debug-iphoneos/ManualLayout.framework"; sourceTree = "<group>"; };
/* End PBXFileReference section */

/* Begin PBXFrameworksBuildPhase section */
		25FF9E8B1A3F73D100183493 /* Frameworks */ = {
			isa = PBXFrameworksBuildPhase;
			buildActionMask = 2147483647;
			files = (
				25FF9EC11A3F741500183493 /* ManualLayout.framework in Frameworks */,
			);
			runOnlyForDeploymentPostprocessing = 0;
		};
		25FF9EA41A3F73D100183493 /* Frameworks */ = {
			isa = PBXFrameworksBuildPhase;
			buildActionMask = 2147483647;
			files = (
			);
			runOnlyForDeploymentPostprocessing = 0;
		};
/* End PBXFrameworksBuildPhase section */

/* Begin PBXGroup section */
		25FF9E851A3F73D100183493 = {
			isa = PBXGroup;
			children = (
				25FF9EC01A3F741500183493 /* ManualLayout.framework */,
				25FF9E901A3F73D100183493 /* ManualLayoutExample */,
				25FF9EAA1A3F73D100183493 /* ManualLayoutExampleTests */,
				25FF9E8F1A3F73D100183493 /* Products */,
			);
			indentWidth = 2;
			sourceTree = "<group>";
			tabWidth = 2;
		};
		25FF9E8F1A3F73D100183493 /* Products */ = {
			isa = PBXGroup;
			children = (
				25FF9E8E1A3F73D100183493 /* ManualLayoutExample.app */,
				25FF9EA71A3F73D100183493 /* ManualLayoutExampleTests.xctest */,
			);
			name = Products;
			sourceTree = "<group>";
		};
		25FF9E901A3F73D100183493 /* ManualLayoutExample */ = {
			isa = PBXGroup;
			children = (
				25FF9E951A3F73D100183493 /* AppDelegate.h */,
				25FF9E961A3F73D100183493 /* AppDelegate.m */,
				25FF9E981A3F73D100183493 /* ViewController.h */,
				25FF9E991A3F73D100183493 /* ViewController.m */,
				25FF9E9E1A3F73D100183493 /* Images.xcassets */,
				25FF9EA01A3F73D100183493 /* LaunchScreen.xib */,
				25FF9E911A3F73D100183493 /* Supporting Files */,
			);
			path = ManualLayoutExample;
			sourceTree = "<group>";
		};
		25FF9E911A3F73D100183493 /* Supporting Files */ = {
			isa = PBXGroup;
			children = (
				25FF9E921A3F73D100183493 /* Info.plist */,
				25FF9E931A3F73D100183493 /* main.m */,
			);
			name = "Supporting Files";
			sourceTree = "<group>";
		};
		25FF9EAA1A3F73D100183493 /* ManualLayoutExampleTests */ = {
			isa = PBXGroup;
			children = (
				25FF9EAD1A3F73D100183493 /* ManualLayoutExampleTests.m */,
				25FF9EAB1A3F73D100183493 /* Supporting Files */,
			);
			path = ManualLayoutExampleTests;
			sourceTree = "<group>";
		};
		25FF9EAB1A3F73D100183493 /* Supporting Files */ = {
			isa = PBXGroup;
			children = (
				25FF9EAC1A3F73D100183493 /* Info.plist */,
			);
			name = "Supporting Files";
			sourceTree = "<group>";
		};
/* End PBXGroup section */

/* Begin PBXNativeTarget section */
		25FF9E8D1A3F73D100183493 /* ManualLayoutExample */ = {
			isa = PBXNativeTarget;
			buildConfigurationList = 25FF9EB11A3F73D100183493 /* Build configuration list for PBXNativeTarget "ManualLayoutExample" */;
			buildPhases = (
				25FF9E8A1A3F73D100183493 /* Sources */,
				25FF9E8B1A3F73D100183493 /* Frameworks */,
				25FF9E8C1A3F73D100183493 /* Resources */,
			);
			buildRules = (
			);
			dependencies = (
			);
			name = ManualLayoutExample;
			productName = ManualLayoutExample;
			productReference = 25FF9E8E1A3F73D100183493 /* ManualLayoutExample.app */;
			productType = "com.apple.product-type.application";
		};
		25FF9EA61A3F73D100183493 /* ManualLayoutExampleTests */ = {
			isa = PBXNativeTarget;
			buildConfigurationList = 25FF9EB41A3F73D100183493 /* Build configuration list for PBXNativeTarget "ManualLayoutExampleTests" */;
			buildPhases = (
				25FF9EA31A3F73D100183493 /* Sources */,
				25FF9EA41A3F73D100183493 /* Frameworks */,
				25FF9EA51A3F73D100183493 /* Resources */,
			);
			buildRules = (
			);
			dependencies = (
				25FF9EA91A3F73D100183493 /* PBXTargetDependency */,
			);
			name = ManualLayoutExampleTests;
			productName = ManualLayoutExampleTests;
			productReference = 25FF9EA71A3F73D100183493 /* ManualLayoutExampleTests.xctest */;
			productType = "com.apple.product-type.bundle.unit-test";
		};
/* End PBXNativeTarget section */

/* Begin PBXProject section */
		25FF9E861A3F73D100183493 /* Project object */ = {
			isa = PBXProject;
			attributes = {
				LastUpgradeCheck = 0610;
				ORGANIZATIONNAME = Patreon;
				TargetAttributes = {
					25FF9E8D1A3F73D100183493 = {
						CreatedOnToolsVersion = 6.1.1;
					};
					25FF9EA61A3F73D100183493 = {
						CreatedOnToolsVersion = 6.1.1;
						TestTargetID = 25FF9E8D1A3F73D100183493;
					};
				};
			};
			buildConfigurationList = 25FF9E891A3F73D100183493 /* Build configuration list for PBXProject "ManualLayoutExample" */;
			compatibilityVersion = "Xcode 3.2";
			developmentRegion = English;
			hasScannedForEncodings = 0;
			knownRegions = (
				en,
				Base,
			);
			mainGroup = 25FF9E851A3F73D100183493;
			productRefGroup = 25FF9E8F1A3F73D100183493 /* Products */;
			projectDirPath = "";
			projectRoot = "";
			targets = (
				25FF9E8D1A3F73D100183493 /* ManualLayoutExample */,
				25FF9EA61A3F73D100183493 /* ManualLayoutExampleTests */,
			);
		};
/* End PBXProject section */

/* Begin PBXResourcesBuildPhase section */
		25FF9E8C1A3F73D100183493 /* Resources */ = {
			isa = PBXResourcesBuildPhase;
			buildActionMask = 2147483647;
			files = (
				25FF9EA21A3F73D100183493 /* LaunchScreen.xib in Resources */,
				25FF9E9F1A3F73D100183493 /* Images.xcassets in Resources */,
			);
			runOnlyForDeploymentPostprocessing = 0;
		};
		25FF9EA51A3F73D100183493 /* Resources */ = {
			isa = PBXResourcesBuildPhase;
			buildActionMask = 2147483647;
			files = (
			);
			runOnlyForDeploymentPostprocessing = 0;
		};
/* End PBXResourcesBuildPhase section */

/* Begin PBXSourcesBuildPhase section */
		25FF9E8A1A3F73D100183493 /* Sources */ = {
			isa = PBXSourcesBuildPhase;
			buildActionMask = 2147483647;
			files = (
				25FF9E9A1A3F73D100183493 /* ViewController.m in Sources */,
				25FF9E971A3F73D100183493 /* AppDelegate.m in Sources */,
				25FF9E941A3F73D100183493 /* main.m in Sources */,
			);
			runOnlyForDeploymentPostprocessing = 0;
		};
		25FF9EA31A3F73D100183493 /* Sources */ = {
			isa = PBXSourcesBuildPhase;
			buildActionMask = 2147483647;
			files = (
				25FF9EAE1A3F73D100183493 /* ManualLayoutExampleTests.m in Sources */,
			);
			runOnlyForDeploymentPostprocessing = 0;
		};
/* End PBXSourcesBuildPhase section */

/* Begin PBXTargetDependency section */
		25FF9EA91A3F73D100183493 /* PBXTargetDependency */ = {
			isa = PBXTargetDependency;
			target = 25FF9E8D1A3F73D100183493 /* ManualLayoutExample */;
			targetProxy = 25FF9EA81A3F73D100183493 /* PBXContainerItemProxy */;
		};
/* End PBXTargetDependency section */

/* Begin PBXVariantGroup section */
		25FF9EA01A3F73D100183493 /* LaunchScreen.xib */ = {
			isa = PBXVariantGroup;
			children = (
				25FF9EA11A3F73D100183493 /* Base */,
			);
			name = LaunchScreen.xib;
			sourceTree = "<group>";
		};
/* End PBXVariantGroup section */

/* Begin XCBuildConfiguration section */
		25FF9EAF1A3F73D100183493 /* Debug */ = {
			isa = XCBuildConfiguration;
			buildSettings = {
				ALWAYS_SEARCH_USER_PATHS = NO;
				CLANG_CXX_LANGUAGE_STANDARD = "gnu++0x";
				CLANG_CXX_LIBRARY = "libc++";
				CLANG_ENABLE_MODULES = YES;
				CLANG_ENABLE_OBJC_ARC = YES;
				CLANG_WARN_BOOL_CONVERSION = YES;
				CLANG_WARN_CONSTANT_CONVERSION = YES;
				CLANG_WARN_DIRECT_OBJC_ISA_USAGE = YES_ERROR;
				CLANG_WARN_EMPTY_BODY = YES;
				CLANG_WARN_ENUM_CONVERSION = YES;
				CLANG_WARN_INT_CONVERSION = YES;
				CLANG_WARN_OBJC_ROOT_CLASS = YES_ERROR;
				CLANG_WARN_UNREACHABLE_CODE = YES;
				CLANG_WARN__DUPLICATE_METHOD_MATCH = YES;
				"CODE_SIGN_IDENTITY[sdk=iphoneos*]" = "iPhone Developer";
				COPY_PHASE_STRIP = NO;
				ENABLE_STRICT_OBJC_MSGSEND = YES;
				GCC_C_LANGUAGE_STANDARD = gnu99;
				GCC_DYNAMIC_NO_PIC = NO;
				GCC_OPTIMIZATION_LEVEL = 0;
				GCC_PREPROCESSOR_DEFINITIONS = (
					"DEBUG=1",
					"$(inherited)",
				);
				GCC_SYMBOLS_PRIVATE_EXTERN = NO;
				GCC_WARN_64_TO_32_BIT_CONVERSION = YES;
				GCC_WARN_ABOUT_RETURN_TYPE = YES_ERROR;
				GCC_WARN_UNDECLARED_SELECTOR = YES;
				GCC_WARN_UNINITIALIZED_AUTOS = YES_AGGRESSIVE;
				GCC_WARN_UNUSED_FUNCTION = YES;
				GCC_WARN_UNUSED_VARIABLE = YES;
				IPHONEOS_DEPLOYMENT_TARGET = 8.1;
				MTL_ENABLE_DEBUG_INFO = YES;
				ONLY_ACTIVE_ARCH = YES;
				SDKROOT = iphoneos;
			};
			name = Debug;
		};
		25FF9EB01A3F73D100183493 /* Release */ = {
			isa = XCBuildConfiguration;
			buildSettings = {
				ALWAYS_SEARCH_USER_PATHS = NO;
				CLANG_CXX_LANGUAGE_STANDARD = "gnu++0x";
				CLANG_CXX_LIBRARY = "libc++";
				CLANG_ENABLE_MODULES = YES;
				CLANG_ENABLE_OBJC_ARC = YES;
				CLANG_WARN_BOOL_CONVERSION = YES;
				CLANG_WARN_CONSTANT_CONVERSION = YES;
				CLANG_WARN_DIRECT_OBJC_ISA_USAGE = YES_ERROR;
				CLANG_WARN_EMPTY_BODY = YES;
				CLANG_WARN_ENUM_CONVERSION = YES;
				CLANG_WARN_INT_CONVERSION = YES;
				CLANG_WARN_OBJC_ROOT_CLASS = YES_ERROR;
				CLANG_WARN_UNREACHABLE_CODE = YES;
				CLANG_WARN__DUPLICATE_METHOD_MATCH = YES;
				"CODE_SIGN_IDENTITY[sdk=iphoneos*]" = "iPhone Developer";
				COPY_PHASE_STRIP = YES;
				ENABLE_NS_ASSERTIONS = NO;
				ENABLE_STRICT_OBJC_MSGSEND = YES;
				GCC_C_LANGUAGE_STANDARD = gnu99;
				GCC_WARN_64_TO_32_BIT_CONVERSION = YES;
				GCC_WARN_ABOUT_RETURN_TYPE = YES_ERROR;
				GCC_WARN_UNDECLARED_SELECTOR = YES;
				GCC_WARN_UNINITIALIZED_AUTOS = YES_AGGRESSIVE;
				GCC_WARN_UNUSED_FUNCTION = YES;
				GCC_WARN_UNUSED_VARIABLE = YES;
				IPHONEOS_DEPLOYMENT_TARGET = 8.1;
				MTL_ENABLE_DEBUG_INFO = NO;
				SDKROOT = iphoneos;
				VALIDATE_PRODUCT = YES;
			};
			name = Release;
		};
		25FF9EB21A3F73D100183493 /* Debug */ = {
			isa = XCBuildConfiguration;
			buildSettings = {
				ASSETCATALOG_COMPILER_APPICON_NAME = AppIcon;
				FRAMEWORK_SEARCH_PATHS = (
					"$(inherited)",
					"/Users/samo/Documents/Code/ManualLayout/build/Debug-iphoneos",
				);
				INFOPLIST_FILE = ManualLayoutExample/Info.plist;
				IPHONEOS_DEPLOYMENT_TARGET = 7.1;
				LD_RUNPATH_SEARCH_PATHS = "$(inherited) @executable_path/Frameworks";
				PRODUCT_NAME = "$(TARGET_NAME)";
			};
			name = Debug;
		};
		25FF9EB31A3F73D100183493 /* Release */ = {
			isa = XCBuildConfiguration;
			buildSettings = {
				ASSETCATALOG_COMPILER_APPICON_NAME = AppIcon;
				FRAMEWORK_SEARCH_PATHS = (
					"$(inherited)",
					"/Users/samo/Documents/Code/ManualLayout/build/Debug-iphoneos",
				);
				INFOPLIST_FILE = ManualLayoutExample/Info.plist;
				IPHONEOS_DEPLOYMENT_TARGET = 7.1;
				LD_RUNPATH_SEARCH_PATHS = "$(inherited) @executable_path/Frameworks";
				PRODUCT_NAME = "$(TARGET_NAME)";
			};
			name = Release;
		};
		25FF9EB51A3F73D100183493 /* Debug */ = {
			isa = XCBuildConfiguration;
			buildSettings = {
				BUNDLE_LOADER = "$(TEST_HOST)";
				FRAMEWORK_SEARCH_PATHS = (
					"$(SDKROOT)/Developer/Library/Frameworks",
					"$(inherited)",
				);
				GCC_PREPROCESSOR_DEFINITIONS = (
					"DEBUG=1",
					"$(inherited)",
				);
				INFOPLIST_FILE = ManualLayoutExampleTests/Info.plist;
				LD_RUNPATH_SEARCH_PATHS = "$(inherited) @executable_path/Frameworks @loader_path/Frameworks";
				PRODUCT_NAME = "$(TARGET_NAME)";
				TEST_HOST = "$(BUILT_PRODUCTS_DIR)/ManualLayoutExample.app/ManualLayoutExample";
			};
			name = Debug;
		};
		25FF9EB61A3F73D100183493 /* Release */ = {
			isa = XCBuildConfiguration;
			buildSettings = {
				BUNDLE_LOADER = "$(TEST_HOST)";
				FRAMEWORK_SEARCH_PATHS = (
					"$(SDKROOT)/Developer/Library/Frameworks",
					"$(inherited)",
				);
				INFOPLIST_FILE = ManualLayoutExampleTests/Info.plist;
				LD_RUNPATH_SEARCH_PATHS = "$(inherited) @executable_path/Frameworks @loader_path/Frameworks";
				PRODUCT_NAME = "$(TARGET_NAME)";
				TEST_HOST = "$(BUILT_PRODUCTS_DIR)/ManualLayoutExample.app/ManualLayoutExample";
			};
			name = Release;
		};
/* End XCBuildConfiguration section */

/* Begin XCConfigurationList section */
		25FF9E891A3F73D100183493 /* Build configuration list for PBXProject "ManualLayoutExample" */ = {
			isa = XCConfigurationList;
			buildConfigurations = (
				25FF9EAF1A3F73D100183493 /* Debug */,
				25FF9EB01A3F73D100183493 /* Release */,
			);
			defaultConfigurationIsVisible = 0;
			defaultConfigurationName = Release;
		};
		25FF9EB11A3F73D100183493 /* Build configuration list for PBXNativeTarget "ManualLayoutExample" */ = {
			isa = XCConfigurationList;
			buildConfigurations = (
				25FF9EB21A3F73D100183493 /* Debug */,
				25FF9EB31A3F73D100183493 /* Release */,
			);
			defaultConfigurationIsVisible = 0;
		};
		25FF9EB41A3F73D100183493 /* Build configuration list for PBXNativeTarget "ManualLayoutExampleTests" */ = {
			isa = XCConfigurationList;
			buildConfigurations = (
				25FF9EB51A3F73D100183493 /* Debug */,
				25FF9EB61A3F73D100183493 /* Release */,
			);
			defaultConfigurationIsVisible = 0;
		};
/* End XCConfigurationList section */
	};
	rootObject = 25FF9E861A3F73D100183493 /* Project object */;
}
